
Microsoft Visual Studio Solution File, Format Version 12.00
# Visual Studio 2017
Project("{FAE04EC0-301F-11D3-BF4B-00C04F79EFBC}") = "mainMenu", "mainMenu.csproj", "{26E9CCCB-B5A3-0D33-9A30-BEEFC2A724CC}"
EndProject
Global
	GlobalSection(SolutionConfigurationPlatforms) = preSolution
		Debug|Any CPU = Debug|Any CPU
		Release|Any CPU = Release|Any CPU
	EndGlobalSection
	GlobalSection(ProjectConfigurationPlatforms) = postSolution
		{26E9CCCB-B5A3-0D33-9A30-BEEFC2A724CC}.Debug|Any CPU.ActiveCfg = Debug|Any CPU
		{26E9CCCB-B5A3-0D33-9A30-BEEFC2A724CC}.Debug|Any CPU.Build.0 = Debug|Any CPU
		{26E9CCCB-B5A3-0D33-9A30-BEEFC2A724CC}.Release|Any CPU.ActiveCfg = Release|Any CPU
		{26E9CCCB-B5A3-0D33-9A30-BEEFC2A724CC}.Release|Any CPU.Build.0 = Release|Any CPU
	EndGlobalSection
	GlobalSection(SolutionProperties) = preSolution
		HideSolutionNode = FALSE
	EndGlobalSection
EndGlobal
